
Microsoft Visual Studio Solution File, Format Version 12.00
# Visual Studio Version 16
VisualStudioVersion = 16.0.31424.327
MinimumVisualStudioVersion = 10.0.40219.1
Project("{FAE04EC0-301F-11D3-BF4B-00C04F79EFBC}") = "BookStore", "BookStore\BookStore.csproj", "{0C80622D-23BF-4AD9-8608-844DA9926625}"
EndProject
Global
	GlobalSection(SolutionConfigurationPlatforms) = preSolution
		Debug|Any CPU = Debug|Any CPU
		Release|Any CPU = Release|Any CPU
	EndGlobalSection
	GlobalSection(ProjectConfigurationPlatforms) = postSolution
		{0C80622D-23BF-4AD9-8608-844DA9926625}.Debug|Any CPU.ActiveCfg = Debug|Any CPU
		{0C80622D-23BF-4AD9-8608-844DA9926625}.Debug|Any CPU.Build.0 = Debug|Any CPU
		{0C80622D-23BF-4AD9-8608-844DA9926625}.Release|Any CPU.ActiveCfg = Release|Any CPU
		{0C80622D-23BF-4AD9-8608-844DA9926625}.Release|Any CPU.Build.0 = Release|Any CPU
	EndGlobalSection
	GlobalSection(SolutionProperties) = preSolution
		HideSolutionNode = FALSE
	EndGlobalSection
	GlobalSection(ExtensibilityGlobals) = postSolution
		SolutionGuid = {F80EC29F-AA60-44B5-B1D7-C4484E0EB4BC}
	EndGlobalSection
EndGlobal
